{
    "_meta": {
        "hash": {
            "sha256": "bc2e41ab38489ba112c2d906f7f887a433f1dca7fbcc7b5fc030c09077b88d61"
        },
        "pipfile-spec": 6,
        "requires": {
            "python_version": "3.8"
        },
        "sources": [
            {
                "name": "pypi",
                "url": "https://pypi.org/simple",
                "verify_ssl": true
            }
        ]
    },
    "default": {
        "numpy": {
            "hashes": [
                "sha256:0791fbd1e43bf74b3502133207e378901272f3c156c4df4954cad833b1380207",
                "sha256:1ce7ab2053e36c0a71e7a13a7475bd3b1f54750b4b433adc96313e127b870887",
                "sha256:2d487e06ecbf1dc2f18e7efce82ded4f705f4bd0cd02677ffccfb39e5c284c7e",
                "sha256:37431a77ceb9307c28382c9773da9f306435135fae6b80b62a11c53cfedd8802",
                "sha256:3e1ffa4748168e1cc8d3cde93f006fe92b5421396221a02f2274aab6ac83b077",
                "sha256:425b390e4619f58d8526b3dcf656dde069133ae5c240229821f01b5f44ea07af",
                "sha256:43a8ca7391b626b4c4fe20aefe79fec683279e31e7c79716863b4b25021e0e74",
                "sha256:4c6036521f11a731ce0648f10c18ae66d7143865f19f7299943c985cdc95afb5",
                "sha256:59d55e634968b8f77d3fd674a3cf0b96e85147cd6556ec64ade018f27e9479e1",
                "sha256:64f56fc53a2d18b1924abd15745e30d82a5782b2cab3429aceecc6875bd5add0",
                "sha256:7228ad13744f63575b3a972d7ee4fd61815b2879998e70930d4ccf9ec721dce0",
                "sha256:9ce7df0abeabe7fbd8ccbf343dc0db72f68549856b863ae3dd580255d009648e",
                "sha256:a911e317e8c826ea632205e63ed8507e0dc877dcdc49744584dfc363df9ca08c",
                "sha256:b89bf9b94b3d624e7bb480344e91f68c1c6c75f026ed6755955117de00917a7c",
                "sha256:ba9ead61dfb5d971d77b6c131a9dbee62294a932bf6a356e48c75ae684e635b3",
                "sha256:c1d937820db6e43bec43e8d016b9b3165dcb42892ea9f106c70fb13d430ffe72",
                "sha256:cc7f00008eb7d3f2489fca6f334ec19ca63e31371be28fd5dad955b16ec285bd",
                "sha256:d4c5d5eb2ec8da0b4f50c9a843393971f31f1d60be87e0fb0917a49133d257d6",
                "sha256:e96d7f3096a36c8754207ab89d4b3282ba7b49ea140e4973591852c77d09eb76",
                "sha256:f0725df166cf4785c0bc4cbfb320203182b1ecd30fee6e541c8752a92df6aa32",
                "sha256:f3eb268dbd5cfaffd9448113539e44e2dd1c5ca9ce25576f7c04a5453edc26fa",
                "sha256:fb7a980c81dd932381f8228a426df8aeb70d59bbcda2af075b627bbc50207cba"
            ],
            "index": "pypi",
            "version": "==1.22.4"
        },
        "pandas": {
            "hashes": [
                "sha256:0259cd11e7e6125aaea3af823b80444f3adad6149ff4c97fef760093598b3e34",
                "sha256:04dd15d9db538470900c851498e532ef28d4e56bfe72c9523acb32042de43dfb",
                "sha256:0b1a13f647e4209ed7dbb5da3497891d0045da9785327530ab696417ef478f84",
                "sha256:19f7c632436b1b4f84615c3b127bbd7bc603db95e3d4332ed259dc815c9aaa26",
                "sha256:1b384516dbb4e6aae30e3464c2e77c563da5980440fbdfbd0968e3942f8f9d70",
                "sha256:1d85d5f6be66dfd6d1d8d13b9535e342a2214260f1852654b19fa4d7b8d1218b",
                "sha256:2e5a7a1e0ecaac652326af627a3eca84886da9e667d68286866d4e33f6547caf",
                "sha256:3129a35d9dad1d80c234dd78f8f03141b914395d23f97cf92a366dcd19f8f8bf",
                "sha256:358b0bc98a5ff067132d23bf7a2242ee95db9ea5b7bbc401cf79205f11502fd3",
                "sha256:3dfb32ed50122fe8c5e7f2b8d97387edd742cc78f9ec36f007ee126cd3720907",
                "sha256:4e1176f45981c8ccc8161bc036916c004ca51037a7ed73f2d2a9857e6dbe654f",
                "sha256:508c99debccd15790d526ce6b1624b97a5e1e4ca5b871319fb0ebfd46b8f4dad",
                "sha256:6105af6533f8b63a43ea9f08a2ede04e8f43e49daef0209ab0d30352bcf08bee",
                "sha256:6d6ad1da00c7cc7d8dd1559a6ba59ba3973be6b15722d49738b2be0977eb8a0c",
                "sha256:7ea47ba1d6f359680130bd29af497333be6110de8f4c35b9211eec5a5a9630fa",
                "sha256:8db93ec98ac7cb5f8ac1420c10f5e3c43533153f253fe7fb6d891cf5aa2b80d2",
                "sha256:96e9ece5759f9b47ae43794b6359bbc54805d76e573b161ae770c1ea59393106",
                "sha256:bbb15ad79050e8b8d39ec40dd96a30cd09b886a2ae8848d0df1abba4d5502a67",
                "sha256:c614001129b2a5add5e3677c3a213a9e6fd376204cb8d17c04e84ff7dfc02a73",
                "sha256:e6a7bbbb7950063bfc942f8794bc3e31697c020a14f1cd8905fc1d28ec674a01",
                "sha256:f02e85e6d832be37d7f16cf6ac8bb26b519ace3e5f3235564a91c7f658ab2a43"
            ],
            "index": "pypi",
            "version": "==1.4.1"
        },
        "python-dateutil": {
            "hashes": [
                "sha256:0123cacc1627ae19ddf3c27a5de5bd67ee4586fbdd6440d9748f8abb483d3e86",
                "sha256:961d03dc3453ebbc59dbdea9e4e11c5651520a876d0f4db161e8674aae935da9"
            ],
            "index": "pypi",
            "version": "==2.8.2"
        },
        "pytz": {
            "hashes": [
                "sha256:1e760e2fe6a8163bc0b3d9a19c4f84342afa0a2affebfaa84b01b978a02ecaa7",
                "sha256:e68985985296d9a66a881eb3193b0906246245294a881e7c8afe623866ac6a5c"
            ],
            "index": "pypi",
            "version": "==2022.1"
        },
        "six": {
            "hashes": [
                "sha256:1e61c37477a1626458e36f7b1d82aa5c9b094fa4802892072e49de9c60c4c926",
                "sha256:8abb2f1d86890a2dfb989f9a77cfcfd3e47c2a354b01111771326f8aa26e0254"
            ],
            "index": "pypi",
            "version": "==1.16.0"
        },
        "xlrd": {
            "hashes": [
                "sha256:6a33ee89877bd9abc1158129f6e94be74e2679636b8a205b43b85206c3f0bbdd",
                "sha256:f72f148f54442c6b056bf931dbc34f986fd0c3b0b6b5a58d013c9aef274d0c88"
            ],
            "index": "pypi",
            "version": "==2.0.1"
        }
    },
    "develop": {}
}
